
Microsoft Visual Studio Solution File, Format Version 12.00
# Visual Studio Version 16
VisualStudioVersion = 16.0.30011.22
MinimumVisualStudioVersion = 10.0.40219.1
Project("{FAE04EC0-301F-11D3-BF4B-00C04F79EFBC}") = "SMSWebSite", "SMSWebSite\SMSWebSite.csproj", "{DC828D83-4DFA-401D-ADDF-957A6337382A}"
EndProject
Global
	GlobalSection(SolutionConfigurationPlatforms) = preSolution
		Debug|Any CPU = Debug|Any CPU
		Release|Any CPU = Release|Any CPU
	EndGlobalSection
	GlobalSection(ProjectConfigurationPlatforms) = postSolution
		{DC828D83-4DFA-401D-ADDF-957A6337382A}.Debug|Any CPU.ActiveCfg = Debug|Any CPU
		{DC828D83-4DFA-401D-ADDF-957A6337382A}.Debug|Any CPU.Build.0 = Debug|Any CPU
		{DC828D83-4DFA-401D-ADDF-957A6337382A}.Release|Any CPU.ActiveCfg = Release|Any CPU
		{DC828D83-4DFA-401D-ADDF-957A6337382A}.Release|Any CPU.Build.0 = Release|Any CPU
	EndGlobalSection
	GlobalSection(SolutionProperties) = preSolution
		HideSolutionNode = FALSE
	EndGlobalSection
	GlobalSection(ExtensibilityGlobals) = postSolution
		SolutionGuid = {466199F9-20C5-4FB1-9520-D74F367B1EFD}
	EndGlobalSection
EndGlobal
